PODS:
  - X-Networking (0.0.19)

DEPENDENCIES:
  - X-Networking (from `https://raw.githubusercontent.com/soramitsu/x-networking/master/X-Networking/0.0.19/X-Networking.podspec`)

EXTERNAL SOURCES:
  X-Networking:
    :podspec: https://raw.githubusercontent.com/soramitsu/x-networking/master/X-Networking/0.0.19/X-Networking.podspec

SPEC CHECKSUMS:
  X-Networking: f51bc4efdb7058d62070135692e83073e502a540

PODFILE CHECKSUM: 99df0398bf11cfcee4d98e09052b195bb3ffece8

COCOAPODS: 1.11.3
