PODS:
  - XNetworking (0.0.43)

DEPENDENCIES:
  - XNetworking (from `../XNetworking`)

EXTERNAL SOURCES:
  XNetworking:
    :path: "../XNetworking"

SPEC CHECKSUMS:
  XNetworking: ab270fb3db3d1b70fd64c45903ee44e6e1413b01

PODFILE CHECKSUM: f84c7b4e6b61ef5aa22aa935ee3a2858eb98b27a

COCOAPODS: 1.11.3
