PODS:
  - XNetworking (0.0.43)

DEPENDENCIES:
  - XNetworking (from `../XNetworking`)

EXTERNAL SOURCES:
  XNetworking:
    :path: "../XNetworking"

SPEC CHECKSUMS:
  XNetworking: 21f7ff092527f83bb5edab4bc8e42b0d36fc1c0b

PODFILE CHECKSUM: f84c7b4e6b61ef5aa22aa935ee3a2858eb98b27a

COCOAPODS: 1.11.3
