// !$*UTF8*$!
{
	archiveVersion = 1;
	classes = {
	};
	objectVersion = 55;
	objects = {

/* Begin PBXBuildFile section */
		36C37058282265F10027BA77 /* KMM_sampleApp.swift in Sources */ = {isa = PBXBuildFile; fileRef = 36C37057282265F10027BA77 /* KMM_sampleApp.swift */; };
		36C3705A282265F10027BA77 /* ContentView.swift in Sources */ = {isa = PBXBuildFile; fileRef = 36C37059282265F10027BA77 /* ContentView.swift */; };
		36C3705C282265F10027BA77 /* Assets.xcassets in Resources */ = {isa = PBXBuildFile; fileRef = 36C3705B282265F10027BA77 /* Assets.xcassets */; };
		36C3705F282265F10027BA77 /* Preview Assets.xcassets in Resources */ = {isa = PBXBuildFile; fileRef = 36C3705E282265F10027BA77 /* Preview Assets.xcassets */; };
		36C37069282265F10027BA77 /* KMM_sampleTests.swift in Sources */ = {isa = PBXBuildFile; fileRef = 36C37068282265F10027BA77 /* KMM_sampleTests.swift */; };
		36C37073282265F20027BA77 /* KMM_sampleUITests.swift in Sources */ = {isa = PBXBuildFile; fileRef = 36C37072282265F20027BA77 /* KMM_sampleUITests.swift */; };
		36C37075282265F20027BA77 /* KMM_sampleUITestsLaunchTests.swift in Sources */ = {isa = PBXBuildFile; fileRef = 36C37074282265F20027BA77 /* KMM_sampleUITestsLaunchTests.swift */; };
		7B3B1F95891274839DCE9C0A /* Pods_KMM_sample.framework in Frameworks */ = {isa = PBXBuildFile; fileRef = A5202E8C2CDE7BC089251A85 /* Pods_KMM_sample.framework */; };
/* End PBXBuildFile section */

/* Begin PBXContainerItemProxy section */
		36C37065282265F10027BA77 /* PBXContainerItemProxy */ = {
			isa = PBXContainerItemProxy;
			containerPortal = 36C3704C282265F10027BA77 /* Project object */;
			proxyType = 1;
			remoteGlobalIDString = 36C37053282265F10027BA77;
			remoteInfo = "KMM sample";
		};
		36C3706F282265F20027BA77 /* PBXContainerItemProxy */ = {
			isa = PBXContainerItemProxy;
			containerPortal = 36C3704C282265F10027BA77 /* Project object */;
			proxyType = 1;
			remoteGlobalIDString = 36C37053282265F10027BA77;
			remoteInfo = "KMM sample";
		};
/* End PBXContainerItemProxy section */

/* Begin PBXFileReference section */
		36C37054282265F10027BA77 /* KMM sample.app */ = {isa = PBXFileReference; explicitFileType = wrapper.application; includeInIndex = 0; path = "KMM sample.app"; sourceTree = BUILT_PRODUCTS_DIR; };
		36C37057282265F10027BA77 /* KMM_sampleApp.swift */ = {isa = PBXFileReference; lastKnownFileType = sourcecode.swift; path = KMM_sampleApp.swift; sourceTree = "<group>"; };
		36C37059282265F10027BA77 /* ContentView.swift */ = {isa = PBXFileReference; lastKnownFileType = sourcecode.swift; path = ContentView.swift; sourceTree = "<group>"; };
		36C3705B282265F10027BA77 /* Assets.xcassets */ = {isa = PBXFileReference; lastKnownFileType = folder.assetcatalog; path = Assets.xcassets; sourceTree = "<group>"; };
		36C3705E282265F10027BA77 /* Preview Assets.xcassets */ = {isa = PBXFileReference; lastKnownFileType = folder.assetcatalog; path = "Preview Assets.xcassets"; sourceTree = "<group>"; };
		36C37064282265F10027BA77 /* KMM sampleTests.xctest */ = {isa = PBXFileReference; explicitFileType = wrapper.cfbundle; includeInIndex = 0; path = "KMM sampleTests.xctest"; sourceTree = BUILT_PRODUCTS_DIR; };
		36C37068282265F10027BA77 /* KMM_sampleTests.swift */ = {isa = PBXFileReference; lastKnownFileType = sourcecode.swift; path = KMM_sampleTests.swift; sourceTree = "<group>"; };
		36C3706E282265F20027BA77 /* KMM sampleUITests.xctest */ = {isa = PBXFileReference; explicitFileType = wrapper.cfbundle; includeInIndex = 0; path = "KMM sampleUITests.xctest"; sourceTree = BUILT_PRODUCTS_DIR; };
		36C37072282265F20027BA77 /* KMM_sampleUITests.swift */ = {isa = PBXFileReference; lastKnownFileType = sourcecode.swift; path = KMM_sampleUITests.swift; sourceTree = "<group>"; };
		36C37074282265F20027BA77 /* KMM_sampleUITestsLaunchTests.swift */ = {isa = PBXFileReference; lastKnownFileType = sourcecode.swift; path = KMM_sampleUITestsLaunchTests.swift; sourceTree = "<group>"; };
		A4EF42CB0446A6B176CC65D7 /* Pods-KMM sample.debug.xcconfig */ = {isa = PBXFileReference; includeInIndex = 1; lastKnownFileType = text.xcconfig; name = "Pods-KMM sample.debug.xcconfig"; path = "Target Support Files/Pods-KMM sample/Pods-KMM sample.debug.xcconfig"; sourceTree = "<group>"; };
		A5202E8C2CDE7BC089251A85 /* Pods_KMM_sample.framework */ = {isa = PBXFileReference; explicitFileType = wrapper.framework; includeInIndex = 0; path = Pods_KMM_sample.framework; sourceTree = BUILT_PRODUCTS_DIR; };
		B75A4EBF61C3055655DA7D52 /* Pods-KMM sample.release.xcconfig */ = {isa = PBXFileReference; includeInIndex = 1; lastKnownFileType = text.xcconfig; name = "Pods-KMM sample.release.xcconfig"; path = "Target Support Files/Pods-KMM sample/Pods-KMM sample.release.xcconfig"; sourceTree = "<group>"; };
/* End PBXFileReference section */

/* Begin PBXFrameworksBuildPhase section */
		36C37051282265F10027BA77 /* Frameworks */ = {
			isa = PBXFrameworksBuildPhase;
			buildActionMask = 2147483647;
			files = (
				7B3B1F95891274839DCE9C0A /* Pods_KMM_sample.framework in Frameworks */,
			);
			runOnlyForDeploymentPostprocessing = 0;
		};
		36C37061282265F10027BA77 /* Frameworks */ = {
			isa = PBXFrameworksBuildPhase;
			buildActionMask = 2147483647;
			files = (
			);
			runOnlyForDeploymentPostprocessing = 0;
		};
		36C3706B282265F20027BA77 /* Frameworks */ = {
			isa = PBXFrameworksBuildPhase;
			buildActionMask = 2147483647;
			files = (
			);
			runOnlyForDeploymentPostprocessing = 0;
		};
/* End PBXFrameworksBuildPhase section */

/* Begin PBXGroup section */
		36C3704B282265F10027BA77 = {
			isa = PBXGroup;
			children = (
				36C37056282265F10027BA77 /* KMM sample */,
				36C37067282265F10027BA77 /* KMM sampleTests */,
				36C37071282265F20027BA77 /* KMM sampleUITests */,
				36C37055282265F10027BA77 /* Products */,
				B616A0D19D876FF152F951B7 /* Pods */,
				74003F9F91824357E8BFD154 /* Frameworks */,
			);
			sourceTree = "<group>";
		};
		36C37055282265F10027BA77 /* Products */ = {
			isa = PBXGroup;
			children = (
				36C37054282265F10027BA77 /* KMM sample.app */,
				36C37064282265F10027BA77 /* KMM sampleTests.xctest */,
				36C3706E282265F20027BA77 /* KMM sampleUITests.xctest */,
			);
			name = Products;
			sourceTree = "<group>";
		};
		36C37056282265F10027BA77 /* KMM sample */ = {
			isa = PBXGroup;
			children = (
				36C37057282265F10027BA77 /* KMM_sampleApp.swift */,
				36C37059282265F10027BA77 /* ContentView.swift */,
				36C3705B282265F10027BA77 /* Assets.xcassets */,
				36C3705D282265F10027BA77 /* Preview Content */,
			);
			path = "KMM sample";
			sourceTree = "<group>";
		};
		36C3705D282265F10027BA77 /* Preview Content */ = {
			isa = PBXGroup;
			children = (
				36C3705E282265F10027BA77 /* Preview Assets.xcassets */,
			);
			path = "Preview Content";
			sourceTree = "<group>";
		};
		36C37067282265F10027BA77 /* KMM sampleTests */ = {
			isa = PBXGroup;
			children = (
				36C37068282265F10027BA77 /* KMM_sampleTests.swift */,
			);
			path = "KMM sampleTests";
			sourceTree = "<group>";
		};
		36C37071282265F20027BA77 /* KMM sampleUITests */ = {
			isa = PBXGroup;
			children = (
				36C37072282265F20027BA77 /* KMM_sampleUITests.swift */,
				36C37074282265F20027BA77 /* KMM_sampleUITestsLaunchTests.swift */,
			);
			path = "KMM sampleUITests";
			sourceTree = "<group>";
		};
		74003F9F91824357E8BFD154 /* Frameworks */ = {
			isa = PBXGroup;
			children = (
				A5202E8C2CDE7BC089251A85 /* Pods_KMM_sample.framework */,
			);
			name = Frameworks;
			sourceTree = "<group>";
		};
		B616A0D19D876FF152F951B7 /* Pods */ = {
			isa = PBXGroup;
			children = (
				A4EF42CB0446A6B176CC65D7 /* Pods-KMM sample.debug.xcconfig */,
				B75A4EBF61C3055655DA7D52 /* Pods-KMM sample.release.xcconfig */,
			);
			name = Pods;
			path = Pods;
			sourceTree = "<group>";
		};
/* End PBXGroup section */

/* Begin PBXNativeTarget section */
		36C37053282265F10027BA77 /* KMM sample */ = {
			isa = PBXNativeTarget;
			buildConfigurationList = 36C37078282265F20027BA77 /* Build configuration list for PBXNativeTarget "KMM sample" */;
			buildPhases = (
				4096DEEBD94CA5381542AF40 /* [CP] Check Pods Manifest.lock */,
				36C37050282265F10027BA77 /* Sources */,
				36C37051282265F10027BA77 /* Frameworks */,
				36C37052282265F10027BA77 /* Resources */,
				99E172CB51198907467AC127 /* [CP] Embed Pods Frameworks */,
			);
			buildRules = (
			);
			dependencies = (
			);
			name = "KMM sample";
			productName = "KMM sample";
			productReference = 36C37054282265F10027BA77 /* KMM sample.app */;
			productType = "com.apple.product-type.application";
		};
		36C37063282265F10027BA77 /* KMM sampleTests */ = {
			isa = PBXNativeTarget;
			buildConfigurationList = 36C3707B282265F20027BA77 /* Build configuration list for PBXNativeTarget "KMM sampleTests" */;
			buildPhases = (
				36C37060282265F10027BA77 /* Sources */,
				36C37061282265F10027BA77 /* Frameworks */,
				36C37062282265F10027BA77 /* Resources */,
			);
			buildRules = (
			);
			dependencies = (
				36C37066282265F10027BA77 /* PBXTargetDependency */,
			);
			name = "KMM sampleTests";
			productName = "KMM sampleTests";
			productReference = 36C37064282265F10027BA77 /* KMM sampleTests.xctest */;
			productType = "com.apple.product-type.bundle.unit-test";
		};
		36C3706D282265F20027BA77 /* KMM sampleUITests */ = {
			isa = PBXNativeTarget;
			buildConfigurationList = 36C3707E282265F20027BA77 /* Build configuration list for PBXNativeTarget "KMM sampleUITests" */;
			buildPhases = (
				36C3706A282265F20027BA77 /* Sources */,
				36C3706B282265F20027BA77 /* Frameworks */,
				36C3706C282265F20027BA77 /* Resources */,
			);
			buildRules = (
			);
			dependencies = (
				36C37070282265F20027BA77 /* PBXTargetDependency */,
			);
			name = "KMM sampleUITests";
			productName = "KMM sampleUITests";
			productReference = 36C3706E282265F20027BA77 /* KMM sampleUITests.xctest */;
			productType = "com.apple.product-type.bundle.ui-testing";
		};
/* End PBXNativeTarget section */

/* Begin PBXProject section */
		36C3704C282265F10027BA77 /* Project object */ = {
			isa = PBXProject;
			attributes = {
				BuildIndependentTargetsInParallel = 1;
				LastSwiftUpdateCheck = 1330;
				LastUpgradeCheck = 1330;
				TargetAttributes = {
					36C37053282265F10027BA77 = {
						CreatedOnToolsVersion = 13.3;
					};
					36C37063282265F10027BA77 = {
						CreatedOnToolsVersion = 13.3;
						TestTargetID = 36C37053282265F10027BA77;
					};
					36C3706D282265F20027BA77 = {
						CreatedOnToolsVersion = 13.3;
						TestTargetID = 36C37053282265F10027BA77;
					};
				};
			};
			buildConfigurationList = 36C3704F282265F10027BA77 /* Build configuration list for PBXProject "KMM sample" */;
			compatibilityVersion = "Xcode 13.0";
			developmentRegion = en;
			hasScannedForEncodings = 0;
			knownRegions = (
				en,
				Base,
			);
			mainGroup = 36C3704B282265F10027BA77;
			productRefGroup = 36C37055282265F10027BA77 /* Products */;
			projectDirPath = "";
			projectRoot = "";
			targets = (
				36C37053282265F10027BA77 /* KMM sample */,
				36C37063282265F10027BA77 /* KMM sampleTests */,
				36C3706D282265F20027BA77 /* KMM sampleUITests */,
			);
		};
/* End PBXProject section */

/* Begin PBXResourcesBuildPhase section */
		36C37052282265F10027BA77 /* Resources */ = {
			isa = PBXResourcesBuildPhase;
			buildActionMask = 2147483647;
			files = (
				36C3705F282265F10027BA77 /* Preview Assets.xcassets in Resources */,
				36C3705C282265F10027BA77 /* Assets.xcassets in Resources */,
			);
			runOnlyForDeploymentPostprocessing = 0;
		};
		36C37062282265F10027BA77 /* Resources */ = {
			isa = PBXResourcesBuildPhase;
			buildActionMask = 2147483647;
			files = (
			);
			runOnlyForDeploymentPostprocessing = 0;
		};
		36C3706C282265F20027BA77 /* Resources */ = {
			isa = PBXResourcesBuildPhase;
			buildActionMask = 2147483647;
			files = (
			);
			runOnlyForDeploymentPostprocessing = 0;
		};
/* End PBXResourcesBuildPhase section */

/* Begin PBXShellScriptBuildPhase section */
		4096DEEBD94CA5381542AF40 /* [CP] Check Pods Manifest.lock */ = {
			isa = PBXShellScriptBuildPhase;
			buildActionMask = 2147483647;
			files = (
			);
			inputFileListPaths = (
			);
			inputPaths = (
				"${PODS_PODFILE_DIR_PATH}/Podfile.lock",
				"${PODS_ROOT}/Manifest.lock",
			);
			name = "[CP] Check Pods Manifest.lock";
			outputFileListPaths = (
			);
			outputPaths = (
				"$(DERIVED_FILE_DIR)/Pods-KMM sample-checkManifestLockResult.txt",
			);
			runOnlyForDeploymentPostprocessing = 0;
			shellPath = /bin/sh;
			shellScript = "diff \"${PODS_PODFILE_DIR_PATH}/Podfile.lock\" \"${PODS_ROOT}/Manifest.lock\" > /dev/null\nif [ $? != 0 ] ; then\n    # print error to STDERR\n    echo \"error: The sandbox is not in sync with the Podfile.lock. Run 'pod install' or update your CocoaPods installation.\" >&2\n    exit 1\nfi\n# This output is used by Xcode 'outputs' to avoid re-running this script phase.\necho \"SUCCESS\" > \"${SCRIPT_OUTPUT_FILE_0}\"\n";
			showEnvVarsInLog = 0;
		};
		99E172CB51198907467AC127 /* [CP] Embed Pods Frameworks */ = {
			isa = PBXShellScriptBuildPhase;
			buildActionMask = 2147483647;
			files = (
			);
			inputFileListPaths = (
				"${PODS_ROOT}/Target Support Files/Pods-KMM sample/Pods-KMM sample-frameworks-${CONFIGURATION}-input-files.xcfilelist",
			);
			name = "[CP] Embed Pods Frameworks";
			outputFileListPaths = (
				"${PODS_ROOT}/Target Support Files/Pods-KMM sample/Pods-KMM sample-frameworks-${CONFIGURATION}-output-files.xcfilelist",
			);
			runOnlyForDeploymentPostprocessing = 0;
			shellPath = /bin/sh;
			shellScript = "\"${PODS_ROOT}/Target Support Files/Pods-KMM sample/Pods-KMM sample-frameworks.sh\"\n";
			showEnvVarsInLog = 0;
		};
/* End PBXShellScriptBuildPhase section */

/* Begin PBXSourcesBuildPhase section */
		36C37050282265F10027BA77 /* Sources */ = {
			isa = PBXSourcesBuildPhase;
			buildActionMask = 2147483647;
			files = (
				36C3705A282265F10027BA77 /* ContentView.swift in Sources */,
				36C37058282265F10027BA77 /* KMM_sampleApp.swift in Sources */,
			);
			runOnlyForDeploymentPostprocessing = 0;
		};
		36C37060282265F10027BA77 /* Sources */ = {
			isa = PBXSourcesBuildPhase;
			buildActionMask = 2147483647;
			files = (
				36C37069282265F10027BA77 /* KMM_sampleTests.swift in Sources */,
			);
			runOnlyForDeploymentPostprocessing = 0;
		};
		36C3706A282265F20027BA77 /* Sources */ = {
			isa = PBXSourcesBuildPhase;
			buildActionMask = 2147483647;
			files = (
				36C37075282265F20027BA77 /* KMM_sampleUITestsLaunchTests.swift in Sources */,
				36C37073282265F20027BA77 /* KMM_sampleUITests.swift in Sources */,
			);
			runOnlyForDeploymentPostprocessing = 0;
		};
/* End PBXSourcesBuildPhase section */

/* Begin PBXTargetDependency section */
		36C37066282265F10027BA77 /* PBXTargetDependency */ = {
			isa = PBXTargetDependency;
			target = 36C37053282265F10027BA77 /* KMM sample */;
			targetProxy = 36C37065282265F10027BA77 /* PBXContainerItemProxy */;
		};
		36C37070282265F20027BA77 /* PBXTargetDependency */ = {
			isa = PBXTargetDependency;
			target = 36C37053282265F10027BA77 /* KMM sample */;
			targetProxy = 36C3706F282265F20027BA77 /* PBXContainerItemProxy */;
		};
/* End PBXTargetDependency section */

/* Begin XCBuildConfiguration section */
		36C37076282265F20027BA77 /* Debug */ = {
			isa = XCBuildConfiguration;
			buildSettings = {
				ALWAYS_SEARCH_USER_PATHS = NO;
				CLANG_ANALYZER_NONNULL = YES;
				CLANG_ANALYZER_NUMBER_OBJECT_CONVERSION = YES_AGGRESSIVE;
				CLANG_CXX_LANGUAGE_STANDARD = "gnu++17";
				CLANG_ENABLE_MODULES = YES;
				CLANG_ENABLE_OBJC_ARC = YES;
				CLANG_ENABLE_OBJC_WEAK = YES;
				CLANG_WARN_BLOCK_CAPTURE_AUTORELEASING = YES;
				CLANG_WARN_BOOL_CONVERSION = YES;
				CLANG_WARN_COMMA = YES;
				CLANG_WARN_CONSTANT_CONVERSION = YES;
				CLANG_WARN_DEPRECATED_OBJC_IMPLEMENTATIONS = YES;
				CLANG_WARN_DIRECT_OBJC_ISA_USAGE = YES_ERROR;
				CLANG_WARN_DOCUMENTATION_COMMENTS = YES;
				CLANG_WARN_EMPTY_BODY = YES;
				CLANG_WARN_ENUM_CONVERSION = YES;
				CLANG_WARN_INFINITE_RECURSION = YES;
				CLANG_WARN_INT_CONVERSION = YES;
				CLANG_WARN_NON_LITERAL_NULL_CONVERSION = YES;
				CLANG_WARN_OBJC_IMPLICIT_RETAIN_SELF = YES;
				CLANG_WARN_OBJC_LITERAL_CONVERSION = YES;
				CLANG_WARN_OBJC_ROOT_CLASS = YES_ERROR;
				CLANG_WARN_QUOTED_INCLUDE_IN_FRAMEWORK_HEADER = YES;
				CLANG_WARN_RANGE_LOOP_ANALYSIS = YES;
				CLANG_WARN_STRICT_PROTOTYPES = YES;
				CLANG_WARN_SUSPICIOUS_MOVE = YES;
				CLANG_WARN_UNGUARDED_AVAILABILITY = YES_AGGRESSIVE;
				CLANG_WARN_UNREACHABLE_CODE = YES;
				CLANG_WARN__DUPLICATE_METHOD_MATCH = YES;
				COPY_PHASE_STRIP = NO;
				DEBUG_INFORMATION_FORMAT = dwarf;
				ENABLE_STRICT_OBJC_MSGSEND = YES;
				ENABLE_TESTABILITY = YES;
				GCC_C_LANGUAGE_STANDARD = gnu11;
				GCC_DYNAMIC_NO_PIC = NO;
				GCC_NO_COMMON_BLOCKS = YES;
				GCC_OPTIMIZATION_LEVEL = 0;
				GCC_PREPROCESSOR_DEFINITIONS = (
					"DEBUG=1",
					"$(inherited)",
				);
				GCC_WARN_64_TO_32_BIT_CONVERSION = YES;
				GCC_WARN_ABOUT_RETURN_TYPE = YES_ERROR;
				GCC_WARN_UNDECLARED_SELECTOR = YES;
				GCC_WARN_UNINITIALIZED_AUTOS = YES_AGGRESSIVE;
				GCC_WARN_UNUSED_FUNCTION = YES;
				GCC_WARN_UNUSED_VARIABLE = YES;
				IPHONEOS_DEPLOYMENT_TARGET = 15.4;
				MTL_ENABLE_DEBUG_INFO = INCLUDE_SOURCE;
				MTL_FAST_MATH = YES;
				ONLY_ACTIVE_ARCH = YES;
				SDKROOT = iphoneos;
				SWIFT_ACTIVE_COMPILATION_CONDITIONS = DEBUG;
				SWIFT_OPTIMIZATION_LEVEL = "-Onone";
			};
			name = Debug;
		};
		36C37077282265F20027BA77 /* Release */ = {
			isa = XCBuildConfiguration;
			buildSettings = {
				ALWAYS_SEARCH_USER_PATHS = NO;
				CLANG_ANALYZER_NONNULL = YES;
				CLANG_ANALYZER_NUMBER_OBJECT_CONVERSION = YES_AGGRESSIVE;
				CLANG_CXX_LANGUAGE_STANDARD = "gnu++17";
				CLANG_ENABLE_MODULES = YES;
				CLANG_ENABLE_OBJC_ARC = YES;
				CLANG_ENABLE_OBJC_WEAK = YES;
				CLANG_WARN_BLOCK_CAPTURE_AUTORELEASING = YES;
				CLANG_WARN_BOOL_CONVERSION = YES;
				CLANG_WARN_COMMA = YES;
				CLANG_WARN_CONSTANT_CONVERSION = YES;
				CLANG_WARN_DEPRECATED_OBJC_IMPLEMENTATIONS = YES;
				CLANG_WARN_DIRECT_OBJC_ISA_USAGE = YES_ERROR;
				CLANG_WARN_DOCUMENTATION_COMMENTS = YES;
				CLANG_WARN_EMPTY_BODY = YES;
				CLANG_WARN_ENUM_CONVERSION = YES;
				CLANG_WARN_INFINITE_RECURSION = YES;
				CLANG_WARN_INT_CONVERSION = YES;
				CLANG_WARN_NON_LITERAL_NULL_CONVERSION = YES;
				CLANG_WARN_OBJC_IMPLICIT_RETAIN_SELF = YES;
				CLANG_WARN_OBJC_LITERAL_CONVERSION = YES;
				CLANG_WARN_OBJC_ROOT_CLASS = YES_ERROR;
				CLANG_WARN_QUOTED_INCLUDE_IN_FRAMEWORK_HEADER = YES;
				CLANG_WARN_RANGE_LOOP_ANALYSIS = YES;
				CLANG_WARN_STRICT_PROTOTYPES = YES;
				CLANG_WARN_SUSPICIOUS_MOVE = YES;
				CLANG_WARN_UNGUARDED_AVAILABILITY = YES_AGGRESSIVE;
				CLANG_WARN_UNREACHABLE_CODE = YES;
				CLANG_WARN__DUPLICATE_METHOD_MATCH = YES;
				COPY_PHASE_STRIP = NO;
				DEBUG_INFORMATION_FORMAT = "dwarf-with-dsym";
				ENABLE_NS_ASSERTIONS = NO;
				ENABLE_STRICT_OBJC_MSGSEND = YES;
				GCC_C_LANGUAGE_STANDARD = gnu11;
				GCC_NO_COMMON_BLOCKS = YES;
				GCC_WARN_64_TO_32_BIT_CONVERSION = YES;
				GCC_WARN_ABOUT_RETURN_TYPE = YES_ERROR;
				GCC_WARN_UNDECLARED_SELECTOR = YES;
				GCC_WARN_UNINITIALIZED_AUTOS = YES_AGGRESSIVE;
				GCC_WARN_UNUSED_FUNCTION = YES;
				GCC_WARN_UNUSED_VARIABLE = YES;
				IPHONEOS_DEPLOYMENT_TARGET = 15.4;
				MTL_ENABLE_DEBUG_INFO = NO;
				MTL_FAST_MATH = YES;
				SDKROOT = iphoneos;
				SWIFT_COMPILATION_MODE = wholemodule;
				SWIFT_OPTIMIZATION_LEVEL = "-O";
				VALIDATE_PRODUCT = YES;
			};
			name = Release;
		};
		36C37079282265F20027BA77 /* Debug */ = {
			isa = XCBuildConfiguration;
			baseConfigurationReference = A4EF42CB0446A6B176CC65D7 /* Pods-KMM sample.debug.xcconfig */;
			buildSettings = {
				ASSETCATALOG_COMPILER_APPICON_NAME = AppIcon;
				ASSETCATALOG_COMPILER_GLOBAL_ACCENT_COLOR_NAME = AccentColor;
				CODE_SIGN_STYLE = Automatic;
				CURRENT_PROJECT_VERSION = 1;
				DEVELOPMENT_ASSET_PATHS = "\"KMM sample/Preview Content\"";
				DEVELOPMENT_TEAM = 4KT5374WDQ;
				ENABLE_PREVIEWS = YES;
				GENERATE_INFOPLIST_FILE = YES;
				INFOPLIST_KEY_UIApplicationSceneManifest_Generation = YES;
				INFOPLIST_KEY_UIApplicationSupportsIndirectInputEvents = YES;
				INFOPLIST_KEY_UILaunchScreen_Generation = YES;
				INFOPLIST_KEY_UISupportedInterfaceOrientations_iPad = "UIInterfaceOrientationPortrait UIInterfaceOrientationPortraitUpsideDown UIInterfaceOrientationLandscapeLeft UIInterfaceOrientationLandscapeRight";
				INFOPLIST_KEY_UISupportedInterfaceOrientations_iPhone = "UIInterfaceOrientationPortrait UIInterfaceOrientationLandscapeLeft UIInterfaceOrientationLandscapeRight";
				LD_RUNPATH_SEARCH_PATHS = (
					"$(inherited)",
					"@executable_path/Frameworks",
				);
				MARKETING_VERSION = 1.0;
				PRODUCT_BUNDLE_IDENTIFIER = "kmm.sample.KMM-sample";
				PRODUCT_NAME = "$(TARGET_NAME)";
				SWIFT_EMIT_LOC_STRINGS = YES;
				SWIFT_VERSION = 5.0;
				TARGETED_DEVICE_FAMILY = "1,2";
			};
			name = Debug;
		};
		36C3707A282265F20027BA77 /* Release */ = {
			isa = XCBuildConfiguration;
			baseConfigurationReference = B75A4EBF61C3055655DA7D52 /* Pods-KMM sample.release.xcconfig */;
			buildSettings = {
				ASSETCATALOG_COMPILER_APPICON_NAME = AppIcon;
				ASSETCATALOG_COMPILER_GLOBAL_ACCENT_COLOR_NAME = AccentColor;
				CODE_SIGN_STYLE = Automatic;
				CURRENT_PROJECT_VERSION = 1;
				DEVELOPMENT_ASSET_PATHS = "\"KMM sample/Preview Content\"";
				DEVELOPMENT_TEAM = 4KT5374WDQ;
				ENABLE_PREVIEWS = YES;
				GENERATE_INFOPLIST_FILE = YES;
				INFOPLIST_KEY_UIApplicationSceneManifest_Generation = YES;
				INFOPLIST_KEY_UIApplicationSupportsIndirectInputEvents = YES;
				INFOPLIST_KEY_UILaunchScreen_Generation = YES;
				INFOPLIST_KEY_UISupportedInterfaceOrientations_iPad = "UIInterfaceOrientationPortrait UIInterfaceOrientationPortraitUpsideDown UIInterfaceOrientationLandscapeLeft UIInterfaceOrientationLandscapeRight";
				INFOPLIST_KEY_UISupportedInterfaceOrientations_iPhone = "UIInterfaceOrientationPortrait UIInterfaceOrientationLandscapeLeft UIInterfaceOrientationLandscapeRight";
				LD_RUNPATH_SEARCH_PATHS = (
					"$(inherited)",
					"@executable_path/Frameworks",
				);
				MARKETING_VERSION = 1.0;
				PRODUCT_BUNDLE_IDENTIFIER = "kmm.sample.KMM-sample";
				PRODUCT_NAME = "$(TARGET_NAME)";
				SWIFT_EMIT_LOC_STRINGS = YES;
				SWIFT_VERSION = 5.0;
				TARGETED_DEVICE_FAMILY = "1,2";
			};
			name = Release;
		};
		36C3707C282265F20027BA77 /* Debug */ = {
			isa = XCBuildConfiguration;
			buildSettings = {
				ALWAYS_EMBED_SWIFT_STANDARD_LIBRARIES = YES;
				BUNDLE_LOADER = "$(TEST_HOST)";
				CODE_SIGN_STYLE = Automatic;
				CURRENT_PROJECT_VERSION = 1;
				DEVELOPMENT_TEAM = 4KT5374WDQ;
				GENERATE_INFOPLIST_FILE = YES;
				IPHONEOS_DEPLOYMENT_TARGET = 15.4;
				MARKETING_VERSION = 1.0;
				PRODUCT_BUNDLE_IDENTIFIER = "kmm.sample.KMM-sampleTests";
				PRODUCT_NAME = "$(TARGET_NAME)";
				SWIFT_EMIT_LOC_STRINGS = NO;
				SWIFT_VERSION = 5.0;
				TARGETED_DEVICE_FAMILY = "1,2";
				TEST_HOST = "$(BUILT_PRODUCTS_DIR)/KMM sample.app/KMM sample";
			};
			name = Debug;
		};
		36C3707D282265F20027BA77 /* Release */ = {
			isa = XCBuildConfiguration;
			buildSettings = {
				ALWAYS_EMBED_SWIFT_STANDARD_LIBRARIES = YES;
				BUNDLE_LOADER = "$(TEST_HOST)";
				CODE_SIGN_STYLE = Automatic;
				CURRENT_PROJECT_VERSION = 1;
				DEVELOPMENT_TEAM = 4KT5374WDQ;
				GENERATE_INFOPLIST_FILE = YES;
				IPHONEOS_DEPLOYMENT_TARGET = 15.4;
				MARKETING_VERSION = 1.0;
				PRODUCT_BUNDLE_IDENTIFIER = "kmm.sample.KMM-sampleTests";
				PRODUCT_NAME = "$(TARGET_NAME)";
				SWIFT_EMIT_LOC_STRINGS = NO;
				SWIFT_VERSION = 5.0;
				TARGETED_DEVICE_FAMILY = "1,2";
				TEST_HOST = "$(BUILT_PRODUCTS_DIR)/KMM sample.app/KMM sample";
			};
			name = Release;
		};
		36C3707F282265F20027BA77 /* Debug */ = {
			isa = XCBuildConfiguration;
			buildSettings = {
				ALWAYS_EMBED_SWIFT_STANDARD_LIBRARIES = YES;
				CODE_SIGN_STYLE = Automatic;
				CURRENT_PROJECT_VERSION = 1;
				DEVELOPMENT_TEAM = 4KT5374WDQ;
				GENERATE_INFOPLIST_FILE = YES;
				MARKETING_VERSION = 1.0;
				PRODUCT_BUNDLE_IDENTIFIER = "kmm.sample.KMM-sampleUITests";
				PRODUCT_NAME = "$(TARGET_NAME)";
				SWIFT_EMIT_LOC_STRINGS = NO;
				SWIFT_VERSION = 5.0;
				TARGETED_DEVICE_FAMILY = "1,2";
				TEST_TARGET_NAME = "KMM sample";
			};
			name = Debug;
		};
		36C37080282265F20027BA77 /* Release */ = {
			isa = XCBuildConfiguration;
			buildSettings = {
				ALWAYS_EMBED_SWIFT_STANDARD_LIBRARIES = YES;
				CODE_SIGN_STYLE = Automatic;
				CURRENT_PROJECT_VERSION = 1;
				DEVELOPMENT_TEAM = 4KT5374WDQ;
				GENERATE_INFOPLIST_FILE = YES;
				MARKETING_VERSION = 1.0;
				PRODUCT_BUNDLE_IDENTIFIER = "kmm.sample.KMM-sampleUITests";
				PRODUCT_NAME = "$(TARGET_NAME)";
				SWIFT_EMIT_LOC_STRINGS = NO;
				SWIFT_VERSION = 5.0;
				TARGETED_DEVICE_FAMILY = "1,2";
				TEST_TARGET_NAME = "KMM sample";
			};
			name = Release;
		};
/* End XCBuildConfiguration section */

/* Begin XCConfigurationList section */
		36C3704F282265F10027BA77 /* Build configuration list for PBXProject "KMM sample" */ = {
			isa = XCConfigurationList;
			buildConfigurations = (
				36C37076282265F20027BA77 /* Debug */,
				36C37077282265F20027BA77 /* Release */,
			);
			defaultConfigurationIsVisible = 0;
			defaultConfigurationName = Release;
		};
		36C37078282265F20027BA77 /* Build configuration list for PBXNativeTarget "KMM sample" */ = {
			isa = XCConfigurationList;
			buildConfigurations = (
				36C37079282265F20027BA77 /* Debug */,
				36C3707A282265F20027BA77 /* Release */,
			);
			defaultConfigurationIsVisible = 0;
			defaultConfigurationName = Release;
		};
		36C3707B282265F20027BA77 /* Build configuration list for PBXNativeTarget "KMM sampleTests" */ = {
			isa = XCConfigurationList;
			buildConfigurations = (
				36C3707C282265F20027BA77 /* Debug */,
				36C3707D282265F20027BA77 /* Release */,
			);
			defaultConfigurationIsVisible = 0;
			defaultConfigurationName = Release;
		};
		36C3707E282265F20027BA77 /* Build configuration list for PBXNativeTarget "KMM sampleUITests" */ = {
			isa = XCConfigurationList;
			buildConfigurations = (
				36C3707F282265F20027BA77 /* Debug */,
				36C37080282265F20027BA77 /* Release */,
			);
			defaultConfigurationIsVisible = 0;
			defaultConfigurationName = Release;
		};
/* End XCConfigurationList section */
	};
	rootObject = 36C3704C282265F10027BA77 /* Project object */;
}
